
Microsoft Visual Studio Solution File, Format Version 12.00
# Visual Studio 2012
Project("{FAE04EC0-301F-11D3-BF4B-00C04F79EFBC}") = "Hohashi.AddressValidator", "src\app\Hohashi.AddressValidator\Hohashi.AddressValidator.csproj", "{544CECB3-87DD-40C1-BBF9-9E374485AEF3}"
EndProject
Project("{FAE04EC0-301F-11D3-BF4B-00C04F79EFBC}") = "Hohashi.AddressValidator.Tests", "src\test\Hohashi.AddressValidator.Tests\Hohashi.AddressValidator.Tests.csproj", "{0DE4839C-75A5-4759-8CB1-1DE005FE8842}"
EndProject
Global
	GlobalSection(SolutionConfigurationPlatforms) = preSolution
		Debug|Any CPU = Debug|Any CPU
		Release|Any CPU = Release|Any CPU
	EndGlobalSection
	GlobalSection(ProjectConfigurationPlatforms) = postSolution
		{544CECB3-87DD-40C1-BBF9-9E374485AEF3}.Debug|Any CPU.ActiveCfg = Debug|Any CPU
		{544CECB3-87DD-40C1-BBF9-9E374485AEF3}.Debug|Any CPU.Build.0 = Debug|Any CPU
		{544CECB3-87DD-40C1-BBF9-9E374485AEF3}.Release|Any CPU.ActiveCfg = Release|Any CPU
		{544CECB3-87DD-40C1-BBF9-9E374485AEF3}.Release|Any CPU.Build.0 = Release|Any CPU
		{0DE4839C-75A5-4759-8CB1-1DE005FE8842}.Debug|Any CPU.ActiveCfg = Debug|Any CPU
		{0DE4839C-75A5-4759-8CB1-1DE005FE8842}.Debug|Any CPU.Build.0 = Debug|Any CPU
		{0DE4839C-75A5-4759-8CB1-1DE005FE8842}.Release|Any CPU.ActiveCfg = Release|Any CPU
		{0DE4839C-75A5-4759-8CB1-1DE005FE8842}.Release|Any CPU.Build.0 = Release|Any CPU
	EndGlobalSection
	GlobalSection(SolutionProperties) = preSolution
		HideSolutionNode = FALSE
	EndGlobalSection
EndGlobal
